
Microsoft Visual Studio Solution File, Format Version 12.00
# Visual Studio Version 17
VisualStudioVersion = 17.1.32421.90
MinimumVisualStudioVersion = 10.0.40219.1
Project("{FAE04EC0-301F-11D3-BF4B-00C04F79EFBC}") = "TicTacToeConsoleApp2", "TicTacToeConsoleApp2\TicTacToeConsoleApp2.csproj", "{24B4F563-83E4-482A-9CB5-95EAF6F8495E}"
EndProject
Global
	GlobalSection(SolutionConfigurationPlatforms) = preSolution
		Debug|Any CPU = Debug|Any CPU
		Release|Any CPU = Release|Any CPU
	EndGlobalSection
	GlobalSection(ProjectConfigurationPlatforms) = postSolution
		{24B4F563-83E4-482A-9CB5-95EAF6F8495E}.Debug|Any CPU.ActiveCfg = Debug|Any CPU
		{24B4F563-83E4-482A-9CB5-95EAF6F8495E}.Debug|Any CPU.Build.0 = Debug|Any CPU
		{24B4F563-83E4-482A-9CB5-95EAF6F8495E}.Release|Any CPU.ActiveCfg = Release|Any CPU
		{24B4F563-83E4-482A-9CB5-95EAF6F8495E}.Release|Any CPU.Build.0 = Release|Any CPU
	EndGlobalSection
	GlobalSection(SolutionProperties) = preSolution
		HideSolutionNode = FALSE
	EndGlobalSection
	GlobalSection(ExtensibilityGlobals) = postSolution
		SolutionGuid = {B14C382F-89A5-44D4-BB53-7EBFB9B830B6}
	EndGlobalSection
EndGlobal
